
Microsoft Visual Studio Solution File, Format Version 12.00
# Visual Studio Version 17
VisualStudioVersion = 17.1.32421.90
MinimumVisualStudioVersion = 10.0.40219.1
Project("{FAE04EC0-301F-11D3-BF4B-00C04F79EFBC}") = "cwiczenia5_mp-s21461", "cwiczenia5_mp-s21461.csproj", "{CF6C0320-F942-4E26-952D-156342650644}"
EndProject
Global
	GlobalSection(SolutionConfigurationPlatforms) = preSolution
		Debug|Any CPU = Debug|Any CPU
		Release|Any CPU = Release|Any CPU
	EndGlobalSection
	GlobalSection(ProjectConfigurationPlatforms) = postSolution
		{CF6C0320-F942-4E26-952D-156342650644}.Debug|Any CPU.ActiveCfg = Debug|Any CPU
		{CF6C0320-F942-4E26-952D-156342650644}.Debug|Any CPU.Build.0 = Debug|Any CPU
		{CF6C0320-F942-4E26-952D-156342650644}.Release|Any CPU.ActiveCfg = Release|Any CPU
		{CF6C0320-F942-4E26-952D-156342650644}.Release|Any CPU.Build.0 = Release|Any CPU
	EndGlobalSection
	GlobalSection(SolutionProperties) = preSolution
		HideSolutionNode = FALSE
	EndGlobalSection
	GlobalSection(ExtensibilityGlobals) = postSolution
		SolutionGuid = {6DFB7D3B-707E-4E6C-9E28-5586C25909FA}
	EndGlobalSection
EndGlobal
